// !$*UTF8*$!
{
	archiveVersion = 1;
	classes = {
	};
	objectVersion = 50;
	objects = {

/* Begin PBXBuildFile section */
		25CC30AE23ED988700320683 /* AppDelegate.swift in Sources */ = {isa = PBXBuildFile; fileRef = 25CC30AD23ED988700320683 /* AppDelegate.swift */; };
		25CC30B223ED988700320683 /* ViewController.swift in Sources */ = {isa = PBXBuildFile; fileRef = 25CC30B123ED988700320683 /* ViewController.swift */; };
		25CC30B523ED988700320683 /* Main.storyboard in Resources */ = {isa = PBXBuildFile; fileRef = 25CC30B323ED988700320683 /* Main.storyboard */; };
		25CC30B723ED988800320683 /* Assets.xcassets in Resources */ = {isa = PBXBuildFile; fileRef = 25CC30B623ED988800320683 /* Assets.xcassets */; };
		25CC30BA23ED988800320683 /* LaunchScreen.storyboard in Resources */ = {isa = PBXBuildFile; fileRef = 25CC30B823ED988800320683 /* LaunchScreen.storyboard */; };
		25CC30C523ED988800320683 /* UITestingSnapshotTests.swift in Sources */ = {isa = PBXBuildFile; fileRef = 25CC30C423ED988800320683 /* UITestingSnapshotTests.swift */; };
		25CC30D023ED988800320683 /* UITestingSnapshotUITests.swift in Sources */ = {isa = PBXBuildFile; fileRef = 25CC30CF23ED988800320683 /* UITestingSnapshotUITests.swift */; };
		2D97F3F3EB30534AF220F4D7 /* Pods_UITestingSnapshotTests.framework in Frameworks */ = {isa = PBXBuildFile; fileRef = 1832D20B2C2CC9D02FC92222 /* Pods_UITestingSnapshotTests.framework */; };
		5914F995A1C1DC2B6C9EC3CC /* Pods_UITestingSnapshot.framework in Frameworks */ = {isa = PBXBuildFile; fileRef = E179E95C41F072E395E7DAA4 /* Pods_UITestingSnapshot.framework */; };
		693DBEFA14B44C9149424D9E /* Pods_UITestingSnapshot_UITestingSnapshotUITests.framework in Frameworks */ = {isa = PBXBuildFile; fileRef = D45F4B36C7D346F4A6C3AA9E /* Pods_UITestingSnapshot_UITestingSnapshotUITests.framework */; };
/* End PBXBuildFile section */

/* Begin PBXContainerItemProxy section */
		25CC30C123ED988800320683 /* PBXContainerItemProxy */ = {
			isa = PBXContainerItemProxy;
			containerPortal = 25CC30A223ED988700320683 /* Project object */;
			proxyType = 1;
			remoteGlobalIDString = 25CC30A923ED988700320683;
			remoteInfo = UITestingSnapshot;
		};
		25CC30CC23ED988800320683 /* PBXContainerItemProxy */ = {
			isa = PBXContainerItemProxy;
			containerPortal = 25CC30A223ED988700320683 /* Project object */;
			proxyType = 1;
			remoteGlobalIDString = 25CC30A923ED988700320683;
			remoteInfo = UITestingSnapshot;
		};
/* End PBXContainerItemProxy section */

/* Begin PBXFileReference section */
		1832D20B2C2CC9D02FC92222 /* Pods_UITestingSnapshotTests.framework */ = {isa = PBXFileReference; explicitFileType = wrapper.framework; includeInIndex = 0; path = Pods_UITestingSnapshotTests.framework; sourceTree = BUILT_PRODUCTS_DIR; };
		25CC30AA23ED988700320683 /* UITestingSnapshot.app */ = {isa = PBXFileReference; explicitFileType = wrapper.application; includeInIndex = 0; path = UITestingSnapshot.app; sourceTree = BUILT_PRODUCTS_DIR; };
		25CC30AD23ED988700320683 /* AppDelegate.swift */ = {isa = PBXFileReference; lastKnownFileType = sourcecode.swift; path = AppDelegate.swift; sourceTree = "<group>"; };
		25CC30B123ED988700320683 /* ViewController.swift */ = {isa = PBXFileReference; lastKnownFileType = sourcecode.swift; path = ViewController.swift; sourceTree = "<group>"; };
		25CC30B423ED988700320683 /* Base */ = {isa = PBXFileReference; lastKnownFileType = file.storyboard; name = Base; path = Base.lproj/Main.storyboard; sourceTree = "<group>"; };
		25CC30B623ED988800320683 /* Assets.xcassets */ = {isa = PBXFileReference; lastKnownFileType = folder.assetcatalog; path = Assets.xcassets; sourceTree = "<group>"; };
		25CC30B923ED988800320683 /* Base */ = {isa = PBXFileReference; lastKnownFileType = file.storyboard; name = Base; path = Base.lproj/LaunchScreen.storyboard; sourceTree = "<group>"; };
		25CC30BB23ED988800320683 /* Info.plist */ = {isa = PBXFileReference; lastKnownFileType = text.plist.xml; path = Info.plist; sourceTree = "<group>"; };
		25CC30C023ED988800320683 /* UITestingSnapshotTests.xctest */ = {isa = PBXFileReference; explicitFileType = wrapper.cfbundle; includeInIndex = 0; path = UITestingSnapshotTests.xctest; sourceTree = BUILT_PRODUCTS_DIR; };
		25CC30C423ED988800320683 /* UITestingSnapshotTests.swift */ = {isa = PBXFileReference; lastKnownFileType = sourcecode.swift; path = UITestingSnapshotTests.swift; sourceTree = "<group>"; };
		25CC30C623ED988800320683 /* Info.plist */ = {isa = PBXFileReference; lastKnownFileType = text.plist.xml; path = Info.plist; sourceTree = "<group>"; };
		25CC30CB23ED988800320683 /* UITestingSnapshotUITests.xctest */ = {isa = PBXFileReference; explicitFileType = wrapper.cfbundle; includeInIndex = 0; path = UITestingSnapshotUITests.xctest; sourceTree = BUILT_PRODUCTS_DIR; };
		25CC30CF23ED988800320683 /* UITestingSnapshotUITests.swift */ = {isa = PBXFileReference; lastKnownFileType = sourcecode.swift; path = UITestingSnapshotUITests.swift; sourceTree = "<group>"; };
		25CC30D123ED988800320683 /* Info.plist */ = {isa = PBXFileReference; lastKnownFileType = text.plist.xml; path = Info.plist; sourceTree = "<group>"; };
		2C2C89185E9FB9C4FBA20642 /* Pods-UITestingSnapshot.debug.xcconfig */ = {isa = PBXFileReference; includeInIndex = 1; lastKnownFileType = text.xcconfig; name = "Pods-UITestingSnapshot.debug.xcconfig"; path = "Target Support Files/Pods-UITestingSnapshot/Pods-UITestingSnapshot.debug.xcconfig"; sourceTree = "<group>"; };
		3A61F510E6B2F3B5D4532311 /* Pods-UITestingSnapshot.release.xcconfig */ = {isa = PBXFileReference; includeInIndex = 1; lastKnownFileType = text.xcconfig; name = "Pods-UITestingSnapshot.release.xcconfig"; path = "Target Support Files/Pods-UITestingSnapshot/Pods-UITestingSnapshot.release.xcconfig"; sourceTree = "<group>"; };
		5AD19786FF9263838C36EEF4 /* Pods-UITestingSnapshot-UITestingSnapshotUITests.debug.xcconfig */ = {isa = PBXFileReference; includeInIndex = 1; lastKnownFileType = text.xcconfig; name = "Pods-UITestingSnapshot-UITestingSnapshotUITests.debug.xcconfig"; path = "Target Support Files/Pods-UITestingSnapshot-UITestingSnapshotUITests/Pods-UITestingSnapshot-UITestingSnapshotUITests.debug.xcconfig"; sourceTree = "<group>"; };
		B0ACDBA2512A9922D0E07902 /* Pods-UITestingSnapshot-UITestingSnapshotUITests.release.xcconfig */ = {isa = PBXFileReference; includeInIndex = 1; lastKnownFileType = text.xcconfig; name = "Pods-UITestingSnapshot-UITestingSnapshotUITests.release.xcconfig"; path = "Target Support Files/Pods-UITestingSnapshot-UITestingSnapshotUITests/Pods-UITestingSnapshot-UITestingSnapshotUITests.release.xcconfig"; sourceTree = "<group>"; };
		D45F4B36C7D346F4A6C3AA9E /* Pods_UITestingSnapshot_UITestingSnapshotUITests.framework */ = {isa = PBXFileReference; explicitFileType = wrapper.framework; includeInIndex = 0; path = Pods_UITestingSnapshot_UITestingSnapshotUITests.framework; sourceTree = BUILT_PRODUCTS_DIR; };
		E179E95C41F072E395E7DAA4 /* Pods_UITestingSnapshot.framework */ = {isa = PBXFileReference; explicitFileType = wrapper.framework; includeInIndex = 0; path = Pods_UITestingSnapshot.framework; sourceTree = BUILT_PRODUCTS_DIR; };
		E48F2979A2CE7E46BEDC985E /* Pods-UITestingSnapshotTests.release.xcconfig */ = {isa = PBXFileReference; includeInIndex = 1; lastKnownFileType = text.xcconfig; name = "Pods-UITestingSnapshotTests.release.xcconfig"; path = "Target Support Files/Pods-UITestingSnapshotTests/Pods-UITestingSnapshotTests.release.xcconfig"; sourceTree = "<group>"; };
		E988370369D9FC0296EAE1AE /* Pods-UITestingSnapshotTests.debug.xcconfig */ = {isa = PBXFileReference; includeInIndex = 1; lastKnownFileType = text.xcconfig; name = "Pods-UITestingSnapshotTests.debug.xcconfig"; path = "Target Support Files/Pods-UITestingSnapshotTests/Pods-UITestingSnapshotTests.debug.xcconfig"; sourceTree = "<group>"; };
/* End PBXFileReference section */

/* Begin PBXFrameworksBuildPhase section */
		25CC30A723ED988700320683 /* Frameworks */ = {
			isa = PBXFrameworksBuildPhase;
			buildActionMask = 2147483647;
			files = (
				5914F995A1C1DC2B6C9EC3CC /* Pods_UITestingSnapshot.framework in Frameworks */,
			);
			runOnlyForDeploymentPostprocessing = 0;
		};
		25CC30BD23ED988800320683 /* Frameworks */ = {
			isa = PBXFrameworksBuildPhase;
			buildActionMask = 2147483647;
			files = (
				2D97F3F3EB30534AF220F4D7 /* Pods_UITestingSnapshotTests.framework in Frameworks */,
			);
			runOnlyForDeploymentPostprocessing = 0;
		};
		25CC30C823ED988800320683 /* Frameworks */ = {
			isa = PBXFrameworksBuildPhase;
			buildActionMask = 2147483647;
			files = (
				693DBEFA14B44C9149424D9E /* Pods_UITestingSnapshot_UITestingSnapshotUITests.framework in Frameworks */,
			);
			runOnlyForDeploymentPostprocessing = 0;
		};
/* End PBXFrameworksBuildPhase section */

/* Begin PBXGroup section */
		25CC30A123ED988700320683 = {
			isa = PBXGroup;
			children = (
				25CC30AC23ED988700320683 /* UITestingSnapshot */,
				25CC30C323ED988800320683 /* UITestingSnapshotTests */,
				25CC30CE23ED988800320683 /* UITestingSnapshotUITests */,
				25CC30AB23ED988700320683 /* Products */,
				3389EF565F7F830EE4D5E94D /* Pods */,
				CC14DF6229FD8803991AF1E3 /* Frameworks */,
			);
			sourceTree = "<group>";
		};
		25CC30AB23ED988700320683 /* Products */ = {
			isa = PBXGroup;
			children = (
				25CC30AA23ED988700320683 /* UITestingSnapshot.app */,
				25CC30C023ED988800320683 /* UITestingSnapshotTests.xctest */,
				25CC30CB23ED988800320683 /* UITestingSnapshotUITests.xctest */,
			);
			name = Products;
			sourceTree = "<group>";
		};
		25CC30AC23ED988700320683 /* UITestingSnapshot */ = {
			isa = PBXGroup;
			children = (
				25CC30AD23ED988700320683 /* AppDelegate.swift */,
				25CC30B123ED988700320683 /* ViewController.swift */,
				25CC30B323ED988700320683 /* Main.storyboard */,
				25CC30B623ED988800320683 /* Assets.xcassets */,
				25CC30B823ED988800320683 /* LaunchScreen.storyboard */,
				25CC30BB23ED988800320683 /* Info.plist */,
			);
			path = UITestingSnapshot;
			sourceTree = "<group>";
		};
		25CC30C323ED988800320683 /* UITestingSnapshotTests */ = {
			isa = PBXGroup;
			children = (
				25CC30C423ED988800320683 /* UITestingSnapshotTests.swift */,
				25CC30C623ED988800320683 /* Info.plist */,
			);
			path = UITestingSnapshotTests;
			sourceTree = "<group>";
		};
		25CC30CE23ED988800320683 /* UITestingSnapshotUITests */ = {
			isa = PBXGroup;
			children = (
				25CC30CF23ED988800320683 /* UITestingSnapshotUITests.swift */,
				25CC30D123ED988800320683 /* Info.plist */,
			);
			path = UITestingSnapshotUITests;
			sourceTree = "<group>";
		};
		3389EF565F7F830EE4D5E94D /* Pods */ = {
			isa = PBXGroup;
			children = (
				2C2C89185E9FB9C4FBA20642 /* Pods-UITestingSnapshot.debug.xcconfig */,
				3A61F510E6B2F3B5D4532311 /* Pods-UITestingSnapshot.release.xcconfig */,
				5AD19786FF9263838C36EEF4 /* Pods-UITestingSnapshot-UITestingSnapshotUITests.debug.xcconfig */,
				B0ACDBA2512A9922D0E07902 /* Pods-UITestingSnapshot-UITestingSnapshotUITests.release.xcconfig */,
				E988370369D9FC0296EAE1AE /* Pods-UITestingSnapshotTests.debug.xcconfig */,
				E48F2979A2CE7E46BEDC985E /* Pods-UITestingSnapshotTests.release.xcconfig */,
			);
			name = Pods;
			path = Pods;
			sourceTree = "<group>";
		};
		CC14DF6229FD8803991AF1E3 /* Frameworks */ = {
			isa = PBXGroup;
			children = (
				E179E95C41F072E395E7DAA4 /* Pods_UITestingSnapshot.framework */,
				D45F4B36C7D346F4A6C3AA9E /* Pods_UITestingSnapshot_UITestingSnapshotUITests.framework */,
				1832D20B2C2CC9D02FC92222 /* Pods_UITestingSnapshotTests.framework */,
			);
			name = Frameworks;
			sourceTree = "<group>";
		};
/* End PBXGroup section */

/* Begin PBXNativeTarget section */
		25CC30A923ED988700320683 /* UITestingSnapshot */ = {
			isa = PBXNativeTarget;
			buildConfigurationList = 25CC30D423ED988800320683 /* Build configuration list for PBXNativeTarget "UITestingSnapshot" */;
			buildPhases = (
				D9874DEC5DA391B3E939B2E1 /* [CP] Check Pods Manifest.lock */,
				25CC30A623ED988700320683 /* Sources */,
				25CC30A723ED988700320683 /* Frameworks */,
				25CC30A823ED988700320683 /* Resources */,
			);
			buildRules = (
			);
			dependencies = (
			);
			name = UITestingSnapshot;
			productName = UITestingSnapshot;
			productReference = 25CC30AA23ED988700320683 /* UITestingSnapshot.app */;
			productType = "com.apple.product-type.application";
		};
		25CC30BF23ED988800320683 /* UITestingSnapshotTests */ = {
			isa = PBXNativeTarget;
			buildConfigurationList = 25CC30D723ED988800320683 /* Build configuration list for PBXNativeTarget "UITestingSnapshotTests" */;
			buildPhases = (
				01BC4EC5734F9B7F7829E086 /* [CP] Check Pods Manifest.lock */,
				25CC30BC23ED988800320683 /* Sources */,
				25CC30BD23ED988800320683 /* Frameworks */,
				25CC30BE23ED988800320683 /* Resources */,
			);
			buildRules = (
			);
			dependencies = (
				25CC30C223ED988800320683 /* PBXTargetDependency */,
			);
			name = UITestingSnapshotTests;
			productName = UITestingSnapshotTests;
			productReference = 25CC30C023ED988800320683 /* UITestingSnapshotTests.xctest */;
			productType = "com.apple.product-type.bundle.unit-test";
		};
		25CC30CA23ED988800320683 /* UITestingSnapshotUITests */ = {
			isa = PBXNativeTarget;
			buildConfigurationList = 25CC30DA23ED988800320683 /* Build configuration list for PBXNativeTarget "UITestingSnapshotUITests" */;
			buildPhases = (
				668B60FD32F5BBDA0665A607 /* [CP] Check Pods Manifest.lock */,
				25CC30C723ED988800320683 /* Sources */,
				25CC30C823ED988800320683 /* Frameworks */,
				25CC30C923ED988800320683 /* Resources */,
			);
			buildRules = (
			);
			dependencies = (
				25CC30CD23ED988800320683 /* PBXTargetDependency */,
			);
			name = UITestingSnapshotUITests;
			productName = UITestingSnapshotUITests;
			productReference = 25CC30CB23ED988800320683 /* UITestingSnapshotUITests.xctest */;
			productType = "com.apple.product-type.bundle.ui-testing";
		};
/* End PBXNativeTarget section */

/* Begin PBXProject section */
		25CC30A223ED988700320683 /* Project object */ = {
			isa = PBXProject;
			attributes = {
				LastSwiftUpdateCheck = 1130;
				LastUpgradeCheck = 1130;
				ORGANIZATIONNAME = "Claudio Madureira Silva Filho";
				TargetAttributes = {
					25CC30A923ED988700320683 = {
						CreatedOnToolsVersion = 11.3.1;
					};
					25CC30BF23ED988800320683 = {
						CreatedOnToolsVersion = 11.3.1;
						TestTargetID = 25CC30A923ED988700320683;
					};
					25CC30CA23ED988800320683 = {
						CreatedOnToolsVersion = 11.3.1;
						TestTargetID = 25CC30A923ED988700320683;
					};
				};
			};
			buildConfigurationList = 25CC30A523ED988700320683 /* Build configuration list for PBXProject "UITestingSnapshot" */;
			compatibilityVersion = "Xcode 9.3";
			developmentRegion = en;
			hasScannedForEncodings = 0;
			knownRegions = (
				en,
				Base,
			);
			mainGroup = 25CC30A123ED988700320683;
			productRefGroup = 25CC30AB23ED988700320683 /* Products */;
			projectDirPath = "";
			projectRoot = "";
			targets = (
				25CC30A923ED988700320683 /* UITestingSnapshot */,
				25CC30BF23ED988800320683 /* UITestingSnapshotTests */,
				25CC30CA23ED988800320683 /* UITestingSnapshotUITests */,
			);
		};
/* End PBXProject section */

/* Begin PBXResourcesBuildPhase section */
		25CC30A823ED988700320683 /* Resources */ = {
			isa = PBXResourcesBuildPhase;
			buildActionMask = 2147483647;
			files = (
				25CC30BA23ED988800320683 /* LaunchScreen.storyboard in Resources */,
				25CC30B723ED988800320683 /* Assets.xcassets in Resources */,
				25CC30B523ED988700320683 /* Main.storyboard in Resources */,
			);
			runOnlyForDeploymentPostprocessing = 0;
		};
		25CC30BE23ED988800320683 /* Resources */ = {
			isa = PBXResourcesBuildPhase;
			buildActionMask = 2147483647;
			files = (
			);
			runOnlyForDeploymentPostprocessing = 0;
		};
		25CC30C923ED988800320683 /* Resources */ = {
			isa = PBXResourcesBuildPhase;
			buildActionMask = 2147483647;
			files = (
			);
			runOnlyForDeploymentPostprocessing = 0;
		};
/* End PBXResourcesBuildPhase section */

/* Begin PBXShellScriptBuildPhase section */
		01BC4EC5734F9B7F7829E086 /* [CP] Check Pods Manifest.lock */ = {
			isa = PBXShellScriptBuildPhase;
			buildActionMask = 2147483647;
			files = (
			);
			inputFileListPaths = (
			);
			inputPaths = (
				"${PODS_PODFILE_DIR_PATH}/Podfile.lock",
				"${PODS_ROOT}/Manifest.lock",
			);
			name = "[CP] Check Pods Manifest.lock";
			outputFileListPaths = (
			);
			outputPaths = (
				"$(DERIVED_FILE_DIR)/Pods-UITestingSnapshotTests-checkManifestLockResult.txt",
			);
			runOnlyForDeploymentPostprocessing = 0;
			shellPath = /bin/sh;
			shellScript = "diff \"${PODS_PODFILE_DIR_PATH}/Podfile.lock\" \"${PODS_ROOT}/Manifest.lock\" > /dev/null\nif [ $? != 0 ] ; then\n    # print error to STDERR\n    echo \"error: The sandbox is not in sync with the Podfile.lock. Run 'pod install' or update your CocoaPods installation.\" >&2\n    exit 1\nfi\n# This output is used by Xcode 'outputs' to avoid re-running this script phase.\necho \"SUCCESS\" > \"${SCRIPT_OUTPUT_FILE_0}\"\n";
			showEnvVarsInLog = 0;
		};
		668B60FD32F5BBDA0665A607 /* [CP] Check Pods Manifest.lock */ = {
			isa = PBXShellScriptBuildPhase;
			buildActionMask = 2147483647;
			files = (
			);
			inputFileListPaths = (
			);
			inputPaths = (
				"${PODS_PODFILE_DIR_PATH}/Podfile.lock",
				"${PODS_ROOT}/Manifest.lock",
			);
			name = "[CP] Check Pods Manifest.lock";
			outputFileListPaths = (
			);
			outputPaths = (
				"$(DERIVED_FILE_DIR)/Pods-UITestingSnapshot-UITestingSnapshotUITests-checkManifestLockResult.txt",
			);
			runOnlyForDeploymentPostprocessing = 0;
			shellPath = /bin/sh;
			shellScript = "diff \"${PODS_PODFILE_DIR_PATH}/Podfile.lock\" \"${PODS_ROOT}/Manifest.lock\" > /dev/null\nif [ $? != 0 ] ; then\n    # print error to STDERR\n    echo \"error: The sandbox is not in sync with the Podfile.lock. Run 'pod install' or update your CocoaPods installation.\" >&2\n    exit 1\nfi\n# This output is used by Xcode 'outputs' to avoid re-running this script phase.\necho \"SUCCESS\" > \"${SCRIPT_OUTPUT_FILE_0}\"\n";
			showEnvVarsInLog = 0;
		};
		D9874DEC5DA391B3E939B2E1 /* [CP] Check Pods Manifest.lock */ = {
			isa = PBXShellScriptBuildPhase;
			buildActionMask = 2147483647;
			files = (
			);
			inputFileListPaths = (
			);
			inputPaths = (
				"${PODS_PODFILE_DIR_PATH}/Podfile.lock",
				"${PODS_ROOT}/Manifest.lock",
			);
			name = "[CP] Check Pods Manifest.lock";
			outputFileListPaths = (
			);
			outputPaths = (
				"$(DERIVED_FILE_DIR)/Pods-UITestingSnapshot-checkManifestLockResult.txt",
			);
			runOnlyForDeploymentPostprocessing = 0;
			shellPath = /bin/sh;
			shellScript = "diff \"${PODS_PODFILE_DIR_PATH}/Podfile.lock\" \"${PODS_ROOT}/Manifest.lock\" > /dev/null\nif [ $? != 0 ] ; then\n    # print error to STDERR\n    echo \"error: The sandbox is not in sync with the Podfile.lock. Run 'pod install' or update your CocoaPods installation.\" >&2\n    exit 1\nfi\n# This output is used by Xcode 'outputs' to avoid re-running this script phase.\necho \"SUCCESS\" > \"${SCRIPT_OUTPUT_FILE_0}\"\n";
			showEnvVarsInLog = 0;
		};
/* End PBXShellScriptBuildPhase section */

/* Begin PBXSourcesBuildPhase section */
		25CC30A623ED988700320683 /* Sources */ = {
			isa = PBXSourcesBuildPhase;
			buildActionMask = 2147483647;
			files = (
				25CC30B223ED988700320683 /* ViewController.swift in Sources */,
				25CC30AE23ED988700320683 /* AppDelegate.swift in Sources */,
			);
			runOnlyForDeploymentPostprocessing = 0;
		};
		25CC30BC23ED988800320683 /* Sources */ = {
			isa = PBXSourcesBuildPhase;
			buildActionMask = 2147483647;
			files = (
				25CC30C523ED988800320683 /* UITestingSnapshotTests.swift in Sources */,
			);
			runOnlyForDeploymentPostprocessing = 0;
		};
		25CC30C723ED988800320683 /* Sources */ = {
			isa = PBXSourcesBuildPhase;
			buildActionMask = 2147483647;
			files = (
				25CC30D023ED988800320683 /* UITestingSnapshotUITests.swift in Sources */,
			);
			runOnlyForDeploymentPostprocessing = 0;
		};
/* End PBXSourcesBuildPhase section */

/* Begin PBXTargetDependency section */
		25CC30C223ED988800320683 /* PBXTargetDependency */ = {
			isa = PBXTargetDependency;
			target = 25CC30A923ED988700320683 /* UITestingSnapshot */;
			targetProxy = 25CC30C123ED988800320683 /* PBXContainerItemProxy */;
		};
		25CC30CD23ED988800320683 /* PBXTargetDependency */ = {
			isa = PBXTargetDependency;
			target = 25CC30A923ED988700320683 /* UITestingSnapshot */;
			targetProxy = 25CC30CC23ED988800320683 /* PBXContainerItemProxy */;
		};
/* End PBXTargetDependency section */

/* Begin PBXVariantGroup section */
		25CC30B323ED988700320683 /* Main.storyboard */ = {
			isa = PBXVariantGroup;
			children = (
				25CC30B423ED988700320683 /* Base */,
			);
			name = Main.storyboard;
			sourceTree = "<group>";
		};
		25CC30B823ED988800320683 /* LaunchScreen.storyboard */ = {
			isa = PBXVariantGroup;
			children = (
				25CC30B923ED988800320683 /* Base */,
			);
			name = LaunchScreen.storyboard;
			sourceTree = "<group>";
		};
/* End PBXVariantGroup section */

/* Begin XCBuildConfiguration section */
		25CC30D223ED988800320683 /* Debug */ = {
			isa = XCBuildConfiguration;
			buildSettings = {
				ALWAYS_SEARCH_USER_PATHS = NO;
				CLANG_ANALYZER_NONNULL = YES;
				CLANG_ANALYZER_NUMBER_OBJECT_CONVERSION = YES_AGGRESSIVE;
				CLANG_CXX_LANGUAGE_STANDARD = "gnu++14";
				CLANG_CXX_LIBRARY = "libc++";
				CLANG_ENABLE_MODULES = YES;
				CLANG_ENABLE_OBJC_ARC = YES;
				CLANG_ENABLE_OBJC_WEAK = YES;
				CLANG_WARN_BLOCK_CAPTURE_AUTORELEASING = YES;
				CLANG_WARN_BOOL_CONVERSION = YES;
				CLANG_WARN_COMMA = YES;
				CLANG_WARN_CONSTANT_CONVERSION = YES;
				CLANG_WARN_DEPRECATED_OBJC_IMPLEMENTATIONS = YES;
				CLANG_WARN_DIRECT_OBJC_ISA_USAGE = YES_ERROR;
				CLANG_WARN_DOCUMENTATION_COMMENTS = YES;
				CLANG_WARN_EMPTY_BODY = YES;
				CLANG_WARN_ENUM_CONVERSION = YES;
				CLANG_WARN_INFINITE_RECURSION = YES;
				CLANG_WARN_INT_CONVERSION = YES;
				CLANG_WARN_NON_LITERAL_NULL_CONVERSION = YES;
				CLANG_WARN_OBJC_IMPLICIT_RETAIN_SELF = YES;
				CLANG_WARN_OBJC_LITERAL_CONVERSION = YES;
				CLANG_WARN_OBJC_ROOT_CLASS = YES_ERROR;
				CLANG_WARN_RANGE_LOOP_ANALYSIS = YES;
				CLANG_WARN_STRICT_PROTOTYPES = YES;
				CLANG_WARN_SUSPICIOUS_MOVE = YES;
				CLANG_WARN_UNGUARDED_AVAILABILITY = YES_AGGRESSIVE;
				CLANG_WARN_UNREACHABLE_CODE = YES;
				CLANG_WARN__DUPLICATE_METHOD_MATCH = YES;
				COPY_PHASE_STRIP = NO;
				DEBUG_INFORMATION_FORMAT = dwarf;
				ENABLE_STRICT_OBJC_MSGSEND = YES;
				ENABLE_TESTABILITY = YES;
				GCC_C_LANGUAGE_STANDARD = gnu11;
				GCC_DYNAMIC_NO_PIC = NO;
				GCC_NO_COMMON_BLOCKS = YES;
				GCC_OPTIMIZATION_LEVEL = 0;
				GCC_PREPROCESSOR_DEFINITIONS = (
					"DEBUG=1",
					"$(inherited)",
				);
				GCC_WARN_64_TO_32_BIT_CONVERSION = YES;
				GCC_WARN_ABOUT_RETURN_TYPE = YES_ERROR;
				GCC_WARN_UNDECLARED_SELECTOR = YES;
				GCC_WARN_UNINITIALIZED_AUTOS = YES_AGGRESSIVE;
				GCC_WARN_UNUSED_FUNCTION = YES;
				GCC_WARN_UNUSED_VARIABLE = YES;
				IPHONEOS_DEPLOYMENT_TARGET = 13.2;
				MTL_ENABLE_DEBUG_INFO = INCLUDE_SOURCE;
				MTL_FAST_MATH = YES;
				ONLY_ACTIVE_ARCH = YES;
				SDKROOT = iphoneos;
				SWIFT_ACTIVE_COMPILATION_CONDITIONS = DEBUG;
				SWIFT_OPTIMIZATION_LEVEL = "-Onone";
			};
			name = Debug;
		};
		25CC30D323ED988800320683 /* Release */ = {
			isa = XCBuildConfiguration;
			buildSettings = {
				ALWAYS_SEARCH_USER_PATHS = NO;
				CLANG_ANALYZER_NONNULL = YES;
				CLANG_ANALYZER_NUMBER_OBJECT_CONVERSION = YES_AGGRESSIVE;
				CLANG_CXX_LANGUAGE_STANDARD = "gnu++14";
				CLANG_CXX_LIBRARY = "libc++";
				CLANG_ENABLE_MODULES = YES;
				CLANG_ENABLE_OBJC_ARC = YES;
				CLANG_ENABLE_OBJC_WEAK = YES;
				CLANG_WARN_BLOCK_CAPTURE_AUTORELEASING = YES;
				CLANG_WARN_BOOL_CONVERSION = YES;
				CLANG_WARN_COMMA = YES;
				CLANG_WARN_CONSTANT_CONVERSION = YES;
				CLANG_WARN_DEPRECATED_OBJC_IMPLEMENTATIONS = YES;
				CLANG_WARN_DIRECT_OBJC_ISA_USAGE = YES_ERROR;
				CLANG_WARN_DOCUMENTATION_COMMENTS = YES;
				CLANG_WARN_EMPTY_BODY = YES;
				CLANG_WARN_ENUM_CONVERSION = YES;
				CLANG_WARN_INFINITE_RECURSION = YES;
				CLANG_WARN_INT_CONVERSION = YES;
				CLANG_WARN_NON_LITERAL_NULL_CONVERSION = YES;
				CLANG_WARN_OBJC_IMPLICIT_RETAIN_SELF = YES;
				CLANG_WARN_OBJC_LITERAL_CONVERSION = YES;
				CLANG_WARN_OBJC_ROOT_CLASS = YES_ERROR;
				CLANG_WARN_RANGE_LOOP_ANALYSIS = YES;
				CLANG_WARN_STRICT_PROTOTYPES = YES;
				CLANG_WARN_SUSPICIOUS_MOVE = YES;
				CLANG_WARN_UNGUARDED_AVAILABILITY = YES_AGGRESSIVE;
				CLANG_WARN_UNREACHABLE_CODE = YES;
				CLANG_WARN__DUPLICATE_METHOD_MATCH = YES;
				COPY_PHASE_STRIP = NO;
				DEBUG_INFORMATION_FORMAT = "dwarf-with-dsym";
				ENABLE_NS_ASSERTIONS = NO;
				ENABLE_STRICT_OBJC_MSGSEND = YES;
				GCC_C_LANGUAGE_STANDARD = gnu11;
				GCC_NO_COMMON_BLOCKS = YES;
				GCC_WARN_64_TO_32_BIT_CONVERSION = YES;
				GCC_WARN_ABOUT_RETURN_TYPE = YES_ERROR;
				GCC_WARN_UNDECLARED_SELECTOR = YES;
				GCC_WARN_UNINITIALIZED_AUTOS = YES_AGGRESSIVE;
				GCC_WARN_UNUSED_FUNCTION = YES;
				GCC_WARN_UNUSED_VARIABLE = YES;
				IPHONEOS_DEPLOYMENT_TARGET = 13.2;
				MTL_ENABLE_DEBUG_INFO = NO;
				MTL_FAST_MATH = YES;
				SDKROOT = iphoneos;
				SWIFT_COMPILATION_MODE = wholemodule;
				SWIFT_OPTIMIZATION_LEVEL = "-O";
				VALIDATE_PRODUCT = YES;
			};
			name = Release;
		};
		25CC30D523ED988800320683 /* Debug */ = {
			isa = XCBuildConfiguration;
			baseConfigurationReference = 2C2C89185E9FB9C4FBA20642 /* Pods-UITestingSnapshot.debug.xcconfig */;
			buildSettings = {
				ASSETCATALOG_COMPILER_APPICON_NAME = AppIcon;
				CODE_SIGN_STYLE = Automatic;
				INFOPLIST_FILE = UITestingSnapshot/Info.plist;
				LD_RUNPATH_SEARCH_PATHS = (
					"$(inherited)",
					"@executable_path/Frameworks",
				);
				PRODUCT_BUNDLE_IDENTIFIER = "com.madureira-claudio.UITestingSnapshot";
				PRODUCT_NAME = "$(TARGET_NAME)";
				SWIFT_VERSION = 5.0;
				TARGETED_DEVICE_FAMILY = "1,2";
			};
			name = Debug;
		};
		25CC30D623ED988800320683 /* Release */ = {
			isa = XCBuildConfiguration;
			baseConfigurationReference = 3A61F510E6B2F3B5D4532311 /* Pods-UITestingSnapshot.release.xcconfig */;
			buildSettings = {
				ASSETCATALOG_COMPILER_APPICON_NAME = AppIcon;
				CODE_SIGN_STYLE = Automatic;
				INFOPLIST_FILE = UITestingSnapshot/Info.plist;
				LD_RUNPATH_SEARCH_PATHS = (
					"$(inherited)",
					"@executable_path/Frameworks",
				);
				PRODUCT_BUNDLE_IDENTIFIER = "com.madureira-claudio.UITestingSnapshot";
				PRODUCT_NAME = "$(TARGET_NAME)";
				SWIFT_VERSION = 5.0;
				TARGETED_DEVICE_FAMILY = "1,2";
			};
			name = Release;
		};
		25CC30D823ED988800320683 /* Debug */ = {
			isa = XCBuildConfiguration;
			baseConfigurationReference = E988370369D9FC0296EAE1AE /* Pods-UITestingSnapshotTests.debug.xcconfig */;
			buildSettings = {
				ALWAYS_EMBED_SWIFT_STANDARD_LIBRARIES = YES;
				BUNDLE_LOADER = "$(TEST_HOST)";
				CODE_SIGN_STYLE = Automatic;
				INFOPLIST_FILE = UITestingSnapshotTests/Info.plist;
				IPHONEOS_DEPLOYMENT_TARGET = 13.2;
				LD_RUNPATH_SEARCH_PATHS = (
					"$(inherited)",
					"@executable_path/Frameworks",
					"@loader_path/Frameworks",
				);
				PRODUCT_BUNDLE_IDENTIFIER = "com.madureira-claudio.UITestingSnapshotTests";
				PRODUCT_NAME = "$(TARGET_NAME)";
				SWIFT_VERSION = 5.0;
				TARGETED_DEVICE_FAMILY = "1,2";
				TEST_HOST = "$(BUILT_PRODUCTS_DIR)/UITestingSnapshot.app/UITestingSnapshot";
			};
			name = Debug;
		};
		25CC30D923ED988800320683 /* Release */ = {
			isa = XCBuildConfiguration;
			baseConfigurationReference = E48F2979A2CE7E46BEDC985E /* Pods-UITestingSnapshotTests.release.xcconfig */;
			buildSettings = {
				ALWAYS_EMBED_SWIFT_STANDARD_LIBRARIES = YES;
				BUNDLE_LOADER = "$(TEST_HOST)";
				CODE_SIGN_STYLE = Automatic;
				INFOPLIST_FILE = UITestingSnapshotTests/Info.plist;
				IPHONEOS_DEPLOYMENT_TARGET = 13.2;
				LD_RUNPATH_SEARCH_PATHS = (
					"$(inherited)",
					"@executable_path/Frameworks",
					"@loader_path/Frameworks",
				);
				PRODUCT_BUNDLE_IDENTIFIER = "com.madureira-claudio.UITestingSnapshotTests";
				PRODUCT_NAME = "$(TARGET_NAME)";
				SWIFT_VERSION = 5.0;
				TARGETED_DEVICE_FAMILY = "1,2";
				TEST_HOST = "$(BUILT_PRODUCTS_DIR)/UITestingSnapshot.app/UITestingSnapshot";
			};
			name = Release;
		};
		25CC30DB23ED988800320683 /* Debug */ = {
			isa = XCBuildConfiguration;
			baseConfigurationReference = 5AD19786FF9263838C36EEF4 /* Pods-UITestingSnapshot-UITestingSnapshotUITests.debug.xcconfig */;
			buildSettings = {
				ALWAYS_EMBED_SWIFT_STANDARD_LIBRARIES = YES;
				CODE_SIGN_STYLE = Automatic;
				INFOPLIST_FILE = UITestingSnapshotUITests/Info.plist;
				LD_RUNPATH_SEARCH_PATHS = (
					"$(inherited)",
					"@executable_path/Frameworks",
					"@loader_path/Frameworks",
				);
				PRODUCT_BUNDLE_IDENTIFIER = "com.madureira-claudio.UITestingSnapshotUITests";
				PRODUCT_NAME = "$(TARGET_NAME)";
				SWIFT_VERSION = 5.0;
				TARGETED_DEVICE_FAMILY = "1,2";
				TEST_TARGET_NAME = UITestingSnapshot;
			};
			name = Debug;
		};
		25CC30DC23ED988800320683 /* Release */ = {
			isa = XCBuildConfiguration;
			baseConfigurationReference = B0ACDBA2512A9922D0E07902 /* Pods-UITestingSnapshot-UITestingSnapshotUITests.release.xcconfig */;
			buildSettings = {
				ALWAYS_EMBED_SWIFT_STANDARD_LIBRARIES = YES;
				CODE_SIGN_STYLE = Automatic;
				INFOPLIST_FILE = UITestingSnapshotUITests/Info.plist;
				LD_RUNPATH_SEARCH_PATHS = (
					"$(inherited)",
					"@executable_path/Frameworks",
					"@loader_path/Frameworks",
				);
				PRODUCT_BUNDLE_IDENTIFIER = "com.madureira-claudio.UITestingSnapshotUITests";
				PRODUCT_NAME = "$(TARGET_NAME)";
				SWIFT_VERSION = 5.0;
				TARGETED_DEVICE_FAMILY = "1,2";
				TEST_TARGET_NAME = UITestingSnapshot;
			};
			name = Release;
		};
/* End XCBuildConfiguration section */

/* Begin XCConfigurationList section */
		25CC30A523ED988700320683 /* Build configuration list for PBXProject "UITestingSnapshot" */ = {
			isa = XCConfigurationList;
			buildConfigurations = (
				25CC30D223ED988800320683 /* Debug */,
				25CC30D323ED988800320683 /* Release */,
			);
			defaultConfigurationIsVisible = 0;
			defaultConfigurationName = Release;
		};
		25CC30D423ED988800320683 /* Build configuration list for PBXNativeTarget "UITestingSnapshot" */ = {
			isa = XCConfigurationList;
			buildConfigurations = (
				25CC30D523ED988800320683 /* Debug */,
				25CC30D623ED988800320683 /* Release */,
			);
			defaultConfigurationIsVisible = 0;
			defaultConfigurationName = Release;
		};
		25CC30D723ED988800320683 /* Build configuration list for PBXNativeTarget "UITestingSnapshotTests" */ = {
			isa = XCConfigurationList;
			buildConfigurations = (
				25CC30D823ED988800320683 /* Debug */,
				25CC30D923ED988800320683 /* Release */,
			);
			defaultConfigurationIsVisible = 0;
			defaultConfigurationName = Release;
		};
		25CC30DA23ED988800320683 /* Build configuration list for PBXNativeTarget "UITestingSnapshotUITests" */ = {
			isa = XCConfigurationList;
			buildConfigurations = (
				25CC30DB23ED988800320683 /* Debug */,
				25CC30DC23ED988800320683 /* Release */,
			);
			defaultConfigurationIsVisible = 0;
			defaultConfigurationName = Release;
		};
/* End XCConfigurationList section */
	};
	rootObject = 25CC30A223ED988700320683 /* Project object */;
}
